
Microsoft Visual Studio Solution File, Format Version 12.00
# Visual Studio Version 17
VisualStudioVersion = 17.0.32014.148
MinimumVisualStudioVersion = 10.0.40219.1
Project("{8BC9CEB8-8B4A-11D0-8D11-00A0C91BC942}") = "01_TwoSum", "01_TwoSum\TwoSum.vcxproj", "{EBE30900-D7A1-4393-8FCD-874A73BE734F}"
EndProject
Project("{8BC9CEB8-8B4A-11D0-8D11-00A0C91BC942}") = "02_Palindrom", "02_Palindrom\Palindrom.vcxproj", "{6B365C3F-7632-49BD-BA23-D8E7237E38CC}"
EndProject
Project("{8BC9CEB8-8B4A-11D0-8D11-00A0C91BC942}") = "03_Longest_Common_Prefix", "03_Longest_Common_Prefix\Longest_Common_Prefix.vcxproj", "{7F4F969E-CF4A-4573-9A79-0C6CA6E64E98}"
EndProject
Project("{8BC9CEB8-8B4A-11D0-8D11-00A0C91BC942}") = "01_TwoSum_test", "01_TwoSum_test\01_TwoSum_test.vcxproj", "{34A27FFC-5488-4F93-8020-4FC820D2DCC0}"
EndProject
Project("{8BC9CEB8-8B4A-11D0-8D11-00A0C91BC942}") = "02_Palindrom_test", "02_Palindrom_test\02_Palindrom_test.vcxproj", "{1F5DB1EE-D475-4148-9FA0-65BB663C9650}"
EndProject
Project("{8BC9CEB8-8B4A-11D0-8D11-00A0C91BC942}") = "04_ValidParentheses", "04_ValidParentheses\04_ValidParentheses.vcxproj", "{15F29BB2-AFFF-4256-8736-9D450736667C}"
EndProject
Project("{8BC9CEB8-8B4A-11D0-8D11-00A0C91BC942}") = "05_MergeTwoSortedLists", "05_MergeTwoSortedLists\05_MergeTwoSortedLists.vcxproj", "{E8112C70-C85E-4837-92F0-EAC568ABB74A}"
EndProject
Project("{8BC9CEB8-8B4A-11D0-8D11-00A0C91BC942}") = "06_RemoveDuplicatesFromSortedArray", "06_RemoveDuplicatesFromSortedArray\06_RemoveDuplicatesFromSortedArray.vcxproj", "{5E920899-9DF3-4E57-A113-5594AA330D66}"
EndProject
Project("{8BC9CEB8-8B4A-11D0-8D11-00A0C91BC942}") = "07_RemoveElement", "07_RemoveElement\07_RemoveElement.vcxproj", "{C09CDA0D-CABB-4431-9257-106E11C76416}"
EndProject
Project("{8BC9CEB8-8B4A-11D0-8D11-00A0C91BC942}") = "08_SearchInsertPosition", "08_SearchInsertPosition\08_SearchInsertPosition.vcxproj", "{7CFB5A0C-8AF4-4FD3-B596-BA0B12D2E93E}"
EndProject
Project("{8BC9CEB8-8B4A-11D0-8D11-00A0C91BC942}") = "09_LengthOfLastWord", "09_LengthOfLastWord\09_LengthOfLastWord.vcxproj", "{95FFE773-76C2-4ECC-A222-AD0FE2DC6119}"
EndProject
Project("{8BC9CEB8-8B4A-11D0-8D11-00A0C91BC942}") = "10_PlusOne", "10_PlusOne\10_PlusOne.vcxproj", "{6C22941F-9437-476F-93D5-F9EF4B5F640F}"
EndProject
Project("{8BC9CEB8-8B4A-11D0-8D11-00A0C91BC942}") = "11_AddBinary", "11_AddBinary\11_AddBinary.vcxproj", "{9E056BC5-BF62-464C-A36A-6BEB9912FB8A}"
EndProject
Project("{8BC9CEB8-8B4A-11D0-8D11-00A0C91BC942}") = "12_Sqrt", "12_Sqrt\12_Sqrt.vcxproj", "{D1BAC3DA-CFF9-4A7E-ADB8-04B284996E15}"
EndProject
Project("{8BC9CEB8-8B4A-11D0-8D11-00A0C91BC942}") = "13_ClimbingStairs", "13_ClimbingStairs\13_ClimbingStairs.vcxproj", "{77534D17-9B9A-4450-96C5-0044DA8700DB}"
EndProject
Project("{8BC9CEB8-8B4A-11D0-8D11-00A0C91BC942}") = "14_RemoveDupInSortedList", "14_RemoveDupInSortedList\14_RemoveDupInSortedList.vcxproj", "{5C49C98A-715E-45F0-A92E-6DCCD495A018}"
EndProject
Project("{8BC9CEB8-8B4A-11D0-8D11-00A0C91BC942}") = "15_MergeSortedArrays", "15_MergeSortedArrays\15_MergeSortedArrays.vcxproj", "{D3720F0D-8D1E-45BC-A745-676D47949AD2}"
EndProject
Project("{8BC9CEB8-8B4A-11D0-8D11-00A0C91BC942}") = "16_Binary_Tree_Inorder_Traversal", "16_Binary_Tree_Inorder_Traversal\16_Binary_Tree_Inorder_Traversal.vcxproj", "{580DDF0D-E7F0-4623-BBAF-211982DA6C1D}"
EndProject
Project("{8BC9CEB8-8B4A-11D0-8D11-00A0C91BC942}") = "17_Same_Tree", "17_Same_Tree\17_Same_Tree.vcxproj", "{644FBBB3-1A81-4A39-8140-8ED2C4B1FC30}"
EndProject
Project("{8BC9CEB8-8B4A-11D0-8D11-00A0C91BC942}") = "18_Symmetric_Tree", "18_Symmetric_Tree\18_Symmetric_Tree.vcxproj", "{18D743FE-ED2B-4D33-8929-B6B65F678DF9}"
EndProject
Project("{8BC9CEB8-8B4A-11D0-8D11-00A0C91BC942}") = "19_BST_Depth", "19_BST_Depth\19_BST_Depth.vcxproj", "{1CDB6AF3-56E3-4151-AFF8-399B72A6A9D5}"
EndProject
Project("{8BC9CEB8-8B4A-11D0-8D11-00A0C91BC942}") = "07.2_FindIndexOfFirstSubstr", "07.2_FindIndexOfFirstSubstr\07.2_FindIndexOfFirstSubstr.vcxproj", "{A642E68F-9412-4E09-B869-69D83286F242}"
EndProject
Project("{8BC9CEB8-8B4A-11D0-8D11-00A0C91BC942}") = "20_SortedArrayToBST", "20_SortedArrayToBST\20_SortedArrayToBST.vcxproj", "{59B049F4-8DAD-4EE7-9767-0EDE2E531A21}"
EndProject
Project("{8BC9CEB8-8B4A-11D0-8D11-00A0C91BC942}") = "21_BalansedBT", "21_BalansedBT\21_BalansedBT.vcxproj", "{0A377AD2-81C0-46DE-B526-F2EDCE487DA6}"
EndProject
Project("{8BC9CEB8-8B4A-11D0-8D11-00A0C91BC942}") = "22_BSTMinDepth", "22_BSTMinDepth\22_BSTMinDepth.vcxproj", "{24B1884A-0D90-4107-9BD6-7FA926BC3912}"
EndProject
Project("{8BC9CEB8-8B4A-11D0-8D11-00A0C91BC942}") = "23_PathSum", "23_PathSum\23_PathSum.vcxproj", "{5D944F26-10C8-4EC6-BA17-E78A422ACBEA}"
EndProject
Project("{8BC9CEB8-8B4A-11D0-8D11-00A0C91BC942}") = "24_PascalTriangle", "24_PascalTriangle\24_PascalTriangle.vcxproj", "{A8D3F3BC-6DC0-4C3F-88E4-35AF8E443E17}"
EndProject
Project("{8BC9CEB8-8B4A-11D0-8D11-00A0C91BC942}") = "25_PascalTriangle2", "25_PascalTriangle2\25_PascalTriangle2.vcxproj", "{1F89D130-B0CA-4223-8FC6-E4237A8B6366}"
EndProject
Project("{8BC9CEB8-8B4A-11D0-8D11-00A0C91BC942}") = "26_BuyAndSellStock", "26_BuyAndSellStock\26_BuyAndSellStock.vcxproj", "{27AA5599-3E8B-4088-8AF5-0B5E0F3476F1}"
EndProject
Global
	GlobalSection(SolutionConfigurationPlatforms) = preSolution
		Debug|x64 = Debug|x64
		Debug|x86 = Debug|x86
		Release|x64 = Release|x64
		Release|x86 = Release|x86
	EndGlobalSection
	GlobalSection(ProjectConfigurationPlatforms) = postSolution
		{EBE30900-D7A1-4393-8FCD-874A73BE734F}.Debug|x64.ActiveCfg = Debug|x64
		{EBE30900-D7A1-4393-8FCD-874A73BE734F}.Debug|x64.Build.0 = Debug|x64
		{EBE30900-D7A1-4393-8FCD-874A73BE734F}.Debug|x86.ActiveCfg = Debug|Win32
		{EBE30900-D7A1-4393-8FCD-874A73BE734F}.Debug|x86.Build.0 = Debug|Win32
		{EBE30900-D7A1-4393-8FCD-874A73BE734F}.Release|x64.ActiveCfg = Release|x64
		{EBE30900-D7A1-4393-8FCD-874A73BE734F}.Release|x64.Build.0 = Release|x64
		{EBE30900-D7A1-4393-8FCD-874A73BE734F}.Release|x86.ActiveCfg = Release|Win32
		{EBE30900-D7A1-4393-8FCD-874A73BE734F}.Release|x86.Build.0 = Release|Win32
		{6B365C3F-7632-49BD-BA23-D8E7237E38CC}.Debug|x64.ActiveCfg = Debug|x64
		{6B365C3F-7632-49BD-BA23-D8E7237E38CC}.Debug|x64.Build.0 = Debug|x64
		{6B365C3F-7632-49BD-BA23-D8E7237E38CC}.Debug|x86.ActiveCfg = Debug|Win32
		{6B365C3F-7632-49BD-BA23-D8E7237E38CC}.Debug|x86.Build.0 = Debug|Win32
		{6B365C3F-7632-49BD-BA23-D8E7237E38CC}.Release|x64.ActiveCfg = Release|x64
		{6B365C3F-7632-49BD-BA23-D8E7237E38CC}.Release|x64.Build.0 = Release|x64
		{6B365C3F-7632-49BD-BA23-D8E7237E38CC}.Release|x86.ActiveCfg = Release|Win32
		{6B365C3F-7632-49BD-BA23-D8E7237E38CC}.Release|x86.Build.0 = Release|Win32
		{7F4F969E-CF4A-4573-9A79-0C6CA6E64E98}.Debug|x64.ActiveCfg = Debug|x64
		{7F4F969E-CF4A-4573-9A79-0C6CA6E64E98}.Debug|x64.Build.0 = Debug|x64
		{7F4F969E-CF4A-4573-9A79-0C6CA6E64E98}.Debug|x86.ActiveCfg = Debug|Win32
		{7F4F969E-CF4A-4573-9A79-0C6CA6E64E98}.Debug|x86.Build.0 = Debug|Win32
		{7F4F969E-CF4A-4573-9A79-0C6CA6E64E98}.Release|x64.ActiveCfg = Release|x64
		{7F4F969E-CF4A-4573-9A79-0C6CA6E64E98}.Release|x64.Build.0 = Release|x64
		{7F4F969E-CF4A-4573-9A79-0C6CA6E64E98}.Release|x86.ActiveCfg = Release|Win32
		{7F4F969E-CF4A-4573-9A79-0C6CA6E64E98}.Release|x86.Build.0 = Release|Win32
		{34A27FFC-5488-4F93-8020-4FC820D2DCC0}.Debug|x64.ActiveCfg = Debug|x64
		{34A27FFC-5488-4F93-8020-4FC820D2DCC0}.Debug|x64.Build.0 = Debug|x64
		{34A27FFC-5488-4F93-8020-4FC820D2DCC0}.Debug|x86.ActiveCfg = Debug|Win32
		{34A27FFC-5488-4F93-8020-4FC820D2DCC0}.Debug|x86.Build.0 = Debug|Win32
		{34A27FFC-5488-4F93-8020-4FC820D2DCC0}.Release|x64.ActiveCfg = Release|x64
		{34A27FFC-5488-4F93-8020-4FC820D2DCC0}.Release|x64.Build.0 = Release|x64
		{34A27FFC-5488-4F93-8020-4FC820D2DCC0}.Release|x86.ActiveCfg = Release|Win32
		{34A27FFC-5488-4F93-8020-4FC820D2DCC0}.Release|x86.Build.0 = Release|Win32
		{1F5DB1EE-D475-4148-9FA0-65BB663C9650}.Debug|x64.ActiveCfg = Debug|x64
		{1F5DB1EE-D475-4148-9FA0-65BB663C9650}.Debug|x64.Build.0 = Debug|x64
		{1F5DB1EE-D475-4148-9FA0-65BB663C9650}.Debug|x86.ActiveCfg = Debug|Win32
		{1F5DB1EE-D475-4148-9FA0-65BB663C9650}.Debug|x86.Build.0 = Debug|Win32
		{1F5DB1EE-D475-4148-9FA0-65BB663C9650}.Release|x64.ActiveCfg = Release|x64
		{1F5DB1EE-D475-4148-9FA0-65BB663C9650}.Release|x64.Build.0 = Release|x64
		{1F5DB1EE-D475-4148-9FA0-65BB663C9650}.Release|x86.ActiveCfg = Release|Win32
		{1F5DB1EE-D475-4148-9FA0-65BB663C9650}.Release|x86.Build.0 = Release|Win32
		{15F29BB2-AFFF-4256-8736-9D450736667C}.Debug|x64.ActiveCfg = Debug|x64
		{15F29BB2-AFFF-4256-8736-9D450736667C}.Debug|x64.Build.0 = Debug|x64
		{15F29BB2-AFFF-4256-8736-9D450736667C}.Debug|x86.ActiveCfg = Debug|Win32
		{15F29BB2-AFFF-4256-8736-9D450736667C}.Debug|x86.Build.0 = Debug|Win32
		{15F29BB2-AFFF-4256-8736-9D450736667C}.Release|x64.ActiveCfg = Release|x64
		{15F29BB2-AFFF-4256-8736-9D450736667C}.Release|x64.Build.0 = Release|x64
		{15F29BB2-AFFF-4256-8736-9D450736667C}.Release|x86.ActiveCfg = Release|Win32
		{15F29BB2-AFFF-4256-8736-9D450736667C}.Release|x86.Build.0 = Release|Win32
		{E8112C70-C85E-4837-92F0-EAC568ABB74A}.Debug|x64.ActiveCfg = Debug|x64
		{E8112C70-C85E-4837-92F0-EAC568ABB74A}.Debug|x64.Build.0 = Debug|x64
		{E8112C70-C85E-4837-92F0-EAC568ABB74A}.Debug|x86.ActiveCfg = Debug|Win32
		{E8112C70-C85E-4837-92F0-EAC568ABB74A}.Debug|x86.Build.0 = Debug|Win32
		{E8112C70-C85E-4837-92F0-EAC568ABB74A}.Release|x64.ActiveCfg = Release|x64
		{E8112C70-C85E-4837-92F0-EAC568ABB74A}.Release|x64.Build.0 = Release|x64
		{E8112C70-C85E-4837-92F0-EAC568ABB74A}.Release|x86.ActiveCfg = Release|Win32
		{E8112C70-C85E-4837-92F0-EAC568ABB74A}.Release|x86.Build.0 = Release|Win32
		{5E920899-9DF3-4E57-A113-5594AA330D66}.Debug|x64.ActiveCfg = Debug|x64
		{5E920899-9DF3-4E57-A113-5594AA330D66}.Debug|x64.Build.0 = Debug|x64
		{5E920899-9DF3-4E57-A113-5594AA330D66}.Debug|x86.ActiveCfg = Debug|Win32
		{5E920899-9DF3-4E57-A113-5594AA330D66}.Debug|x86.Build.0 = Debug|Win32
		{5E920899-9DF3-4E57-A113-5594AA330D66}.Release|x64.ActiveCfg = Release|x64
		{5E920899-9DF3-4E57-A113-5594AA330D66}.Release|x64.Build.0 = Release|x64
		{5E920899-9DF3-4E57-A113-5594AA330D66}.Release|x86.ActiveCfg = Release|Win32
		{5E920899-9DF3-4E57-A113-5594AA330D66}.Release|x86.Build.0 = Release|Win32
		{C09CDA0D-CABB-4431-9257-106E11C76416}.Debug|x64.ActiveCfg = Debug|x64
		{C09CDA0D-CABB-4431-9257-106E11C76416}.Debug|x64.Build.0 = Debug|x64
		{C09CDA0D-CABB-4431-9257-106E11C76416}.Debug|x86.ActiveCfg = Debug|Win32
		{C09CDA0D-CABB-4431-9257-106E11C76416}.Debug|x86.Build.0 = Debug|Win32
		{C09CDA0D-CABB-4431-9257-106E11C76416}.Release|x64.ActiveCfg = Release|x64
		{C09CDA0D-CABB-4431-9257-106E11C76416}.Release|x64.Build.0 = Release|x64
		{C09CDA0D-CABB-4431-9257-106E11C76416}.Release|x86.ActiveCfg = Release|Win32
		{C09CDA0D-CABB-4431-9257-106E11C76416}.Release|x86.Build.0 = Release|Win32
		{7CFB5A0C-8AF4-4FD3-B596-BA0B12D2E93E}.Debug|x64.ActiveCfg = Debug|x64
		{7CFB5A0C-8AF4-4FD3-B596-BA0B12D2E93E}.Debug|x64.Build.0 = Debug|x64
		{7CFB5A0C-8AF4-4FD3-B596-BA0B12D2E93E}.Debug|x86.ActiveCfg = Debug|Win32
		{7CFB5A0C-8AF4-4FD3-B596-BA0B12D2E93E}.Debug|x86.Build.0 = Debug|Win32
		{7CFB5A0C-8AF4-4FD3-B596-BA0B12D2E93E}.Release|x64.ActiveCfg = Release|x64
		{7CFB5A0C-8AF4-4FD3-B596-BA0B12D2E93E}.Release|x64.Build.0 = Release|x64
		{7CFB5A0C-8AF4-4FD3-B596-BA0B12D2E93E}.Release|x86.ActiveCfg = Release|Win32
		{7CFB5A0C-8AF4-4FD3-B596-BA0B12D2E93E}.Release|x86.Build.0 = Release|Win32
		{95FFE773-76C2-4ECC-A222-AD0FE2DC6119}.Debug|x64.ActiveCfg = Debug|x64
		{95FFE773-76C2-4ECC-A222-AD0FE2DC6119}.Debug|x64.Build.0 = Debug|x64
		{95FFE773-76C2-4ECC-A222-AD0FE2DC6119}.Debug|x86.ActiveCfg = Debug|Win32
		{95FFE773-76C2-4ECC-A222-AD0FE2DC6119}.Debug|x86.Build.0 = Debug|Win32
		{95FFE773-76C2-4ECC-A222-AD0FE2DC6119}.Release|x64.ActiveCfg = Release|x64
		{95FFE773-76C2-4ECC-A222-AD0FE2DC6119}.Release|x64.Build.0 = Release|x64
		{95FFE773-76C2-4ECC-A222-AD0FE2DC6119}.Release|x86.ActiveCfg = Release|Win32
		{95FFE773-76C2-4ECC-A222-AD0FE2DC6119}.Release|x86.Build.0 = Release|Win32
		{6C22941F-9437-476F-93D5-F9EF4B5F640F}.Debug|x64.ActiveCfg = Debug|x64
		{6C22941F-9437-476F-93D5-F9EF4B5F640F}.Debug|x64.Build.0 = Debug|x64
		{6C22941F-9437-476F-93D5-F9EF4B5F640F}.Debug|x86.ActiveCfg = Debug|Win32
		{6C22941F-9437-476F-93D5-F9EF4B5F640F}.Debug|x86.Build.0 = Debug|Win32
		{6C22941F-9437-476F-93D5-F9EF4B5F640F}.Release|x64.ActiveCfg = Release|x64
		{6C22941F-9437-476F-93D5-F9EF4B5F640F}.Release|x64.Build.0 = Release|x64
		{6C22941F-9437-476F-93D5-F9EF4B5F640F}.Release|x86.ActiveCfg = Release|Win32
		{6C22941F-9437-476F-93D5-F9EF4B5F640F}.Release|x86.Build.0 = Release|Win32
		{9E056BC5-BF62-464C-A36A-6BEB9912FB8A}.Debug|x64.ActiveCfg = Debug|x64
		{9E056BC5-BF62-464C-A36A-6BEB9912FB8A}.Debug|x64.Build.0 = Debug|x64
		{9E056BC5-BF62-464C-A36A-6BEB9912FB8A}.Debug|x86.ActiveCfg = Debug|Win32
		{9E056BC5-BF62-464C-A36A-6BEB9912FB8A}.Debug|x86.Build.0 = Debug|Win32
		{9E056BC5-BF62-464C-A36A-6BEB9912FB8A}.Release|x64.ActiveCfg = Release|x64
		{9E056BC5-BF62-464C-A36A-6BEB9912FB8A}.Release|x64.Build.0 = Release|x64
		{9E056BC5-BF62-464C-A36A-6BEB9912FB8A}.Release|x86.ActiveCfg = Release|Win32
		{9E056BC5-BF62-464C-A36A-6BEB9912FB8A}.Release|x86.Build.0 = Release|Win32
		{D1BAC3DA-CFF9-4A7E-ADB8-04B284996E15}.Debug|x64.ActiveCfg = Debug|x64
		{D1BAC3DA-CFF9-4A7E-ADB8-04B284996E15}.Debug|x64.Build.0 = Debug|x64
		{D1BAC3DA-CFF9-4A7E-ADB8-04B284996E15}.Debug|x86.ActiveCfg = Debug|Win32
		{D1BAC3DA-CFF9-4A7E-ADB8-04B284996E15}.Debug|x86.Build.0 = Debug|Win32
		{D1BAC3DA-CFF9-4A7E-ADB8-04B284996E15}.Release|x64.ActiveCfg = Release|x64
		{D1BAC3DA-CFF9-4A7E-ADB8-04B284996E15}.Release|x64.Build.0 = Release|x64
		{D1BAC3DA-CFF9-4A7E-ADB8-04B284996E15}.Release|x86.ActiveCfg = Release|Win32
		{D1BAC3DA-CFF9-4A7E-ADB8-04B284996E15}.Release|x86.Build.0 = Release|Win32
		{77534D17-9B9A-4450-96C5-0044DA8700DB}.Debug|x64.ActiveCfg = Debug|x64
		{77534D17-9B9A-4450-96C5-0044DA8700DB}.Debug|x64.Build.0 = Debug|x64
		{77534D17-9B9A-4450-96C5-0044DA8700DB}.Debug|x86.ActiveCfg = Debug|Win32
		{77534D17-9B9A-4450-96C5-0044DA8700DB}.Debug|x86.Build.0 = Debug|Win32
		{77534D17-9B9A-4450-96C5-0044DA8700DB}.Release|x64.ActiveCfg = Release|x64
		{77534D17-9B9A-4450-96C5-0044DA8700DB}.Release|x64.Build.0 = Release|x64
		{77534D17-9B9A-4450-96C5-0044DA8700DB}.Release|x86.ActiveCfg = Release|Win32
		{77534D17-9B9A-4450-96C5-0044DA8700DB}.Release|x86.Build.0 = Release|Win32
		{5C49C98A-715E-45F0-A92E-6DCCD495A018}.Debug|x64.ActiveCfg = Debug|x64
		{5C49C98A-715E-45F0-A92E-6DCCD495A018}.Debug|x64.Build.0 = Debug|x64
		{5C49C98A-715E-45F0-A92E-6DCCD495A018}.Debug|x86.ActiveCfg = Debug|Win32
		{5C49C98A-715E-45F0-A92E-6DCCD495A018}.Debug|x86.Build.0 = Debug|Win32
		{5C49C98A-715E-45F0-A92E-6DCCD495A018}.Release|x64.ActiveCfg = Release|x64
		{5C49C98A-715E-45F0-A92E-6DCCD495A018}.Release|x64.Build.0 = Release|x64
		{5C49C98A-715E-45F0-A92E-6DCCD495A018}.Release|x86.ActiveCfg = Release|Win32
		{5C49C98A-715E-45F0-A92E-6DCCD495A018}.Release|x86.Build.0 = Release|Win32
		{D3720F0D-8D1E-45BC-A745-676D47949AD2}.Debug|x64.ActiveCfg = Debug|x64
		{D3720F0D-8D1E-45BC-A745-676D47949AD2}.Debug|x64.Build.0 = Debug|x64
		{D3720F0D-8D1E-45BC-A745-676D47949AD2}.Debug|x86.ActiveCfg = Debug|Win32
		{D3720F0D-8D1E-45BC-A745-676D47949AD2}.Debug|x86.Build.0 = Debug|Win32
		{D3720F0D-8D1E-45BC-A745-676D47949AD2}.Release|x64.ActiveCfg = Release|x64
		{D3720F0D-8D1E-45BC-A745-676D47949AD2}.Release|x64.Build.0 = Release|x64
		{D3720F0D-8D1E-45BC-A745-676D47949AD2}.Release|x86.ActiveCfg = Release|Win32
		{D3720F0D-8D1E-45BC-A745-676D47949AD2}.Release|x86.Build.0 = Release|Win32
		{580DDF0D-E7F0-4623-BBAF-211982DA6C1D}.Debug|x64.ActiveCfg = Debug|x64
		{580DDF0D-E7F0-4623-BBAF-211982DA6C1D}.Debug|x64.Build.0 = Debug|x64
		{580DDF0D-E7F0-4623-BBAF-211982DA6C1D}.Debug|x86.ActiveCfg = Debug|Win32
		{580DDF0D-E7F0-4623-BBAF-211982DA6C1D}.Debug|x86.Build.0 = Debug|Win32
		{580DDF0D-E7F0-4623-BBAF-211982DA6C1D}.Release|x64.ActiveCfg = Release|x64
		{580DDF0D-E7F0-4623-BBAF-211982DA6C1D}.Release|x64.Build.0 = Release|x64
		{580DDF0D-E7F0-4623-BBAF-211982DA6C1D}.Release|x86.ActiveCfg = Release|Win32
		{580DDF0D-E7F0-4623-BBAF-211982DA6C1D}.Release|x86.Build.0 = Release|Win32
		{644FBBB3-1A81-4A39-8140-8ED2C4B1FC30}.Debug|x64.ActiveCfg = Debug|x64
		{644FBBB3-1A81-4A39-8140-8ED2C4B1FC30}.Debug|x64.Build.0 = Debug|x64
		{644FBBB3-1A81-4A39-8140-8ED2C4B1FC30}.Debug|x86.ActiveCfg = Debug|Win32
		{644FBBB3-1A81-4A39-8140-8ED2C4B1FC30}.Debug|x86.Build.0 = Debug|Win32
		{644FBBB3-1A81-4A39-8140-8ED2C4B1FC30}.Release|x64.ActiveCfg = Release|x64
		{644FBBB3-1A81-4A39-8140-8ED2C4B1FC30}.Release|x64.Build.0 = Release|x64
		{644FBBB3-1A81-4A39-8140-8ED2C4B1FC30}.Release|x86.ActiveCfg = Release|Win32
		{644FBBB3-1A81-4A39-8140-8ED2C4B1FC30}.Release|x86.Build.0 = Release|Win32
		{18D743FE-ED2B-4D33-8929-B6B65F678DF9}.Debug|x64.ActiveCfg = Debug|x64
		{18D743FE-ED2B-4D33-8929-B6B65F678DF9}.Debug|x64.Build.0 = Debug|x64
		{18D743FE-ED2B-4D33-8929-B6B65F678DF9}.Debug|x86.ActiveCfg = Debug|Win32
		{18D743FE-ED2B-4D33-8929-B6B65F678DF9}.Debug|x86.Build.0 = Debug|Win32
		{18D743FE-ED2B-4D33-8929-B6B65F678DF9}.Release|x64.ActiveCfg = Release|x64
		{18D743FE-ED2B-4D33-8929-B6B65F678DF9}.Release|x64.Build.0 = Release|x64
		{18D743FE-ED2B-4D33-8929-B6B65F678DF9}.Release|x86.ActiveCfg = Release|Win32
		{18D743FE-ED2B-4D33-8929-B6B65F678DF9}.Release|x86.Build.0 = Release|Win32
		{1CDB6AF3-56E3-4151-AFF8-399B72A6A9D5}.Debug|x64.ActiveCfg = Debug|x64
		{1CDB6AF3-56E3-4151-AFF8-399B72A6A9D5}.Debug|x64.Build.0 = Debug|x64
		{1CDB6AF3-56E3-4151-AFF8-399B72A6A9D5}.Debug|x86.ActiveCfg = Debug|Win32
		{1CDB6AF3-56E3-4151-AFF8-399B72A6A9D5}.Debug|x86.Build.0 = Debug|Win32
		{1CDB6AF3-56E3-4151-AFF8-399B72A6A9D5}.Release|x64.ActiveCfg = Release|x64
		{1CDB6AF3-56E3-4151-AFF8-399B72A6A9D5}.Release|x64.Build.0 = Release|x64
		{1CDB6AF3-56E3-4151-AFF8-399B72A6A9D5}.Release|x86.ActiveCfg = Release|Win32
		{1CDB6AF3-56E3-4151-AFF8-399B72A6A9D5}.Release|x86.Build.0 = Release|Win32
		{A642E68F-9412-4E09-B869-69D83286F242}.Debug|x64.ActiveCfg = Debug|x64
		{A642E68F-9412-4E09-B869-69D83286F242}.Debug|x64.Build.0 = Debug|x64
		{A642E68F-9412-4E09-B869-69D83286F242}.Debug|x86.ActiveCfg = Debug|Win32
		{A642E68F-9412-4E09-B869-69D83286F242}.Debug|x86.Build.0 = Debug|Win32
		{A642E68F-9412-4E09-B869-69D83286F242}.Release|x64.ActiveCfg = Release|x64
		{A642E68F-9412-4E09-B869-69D83286F242}.Release|x64.Build.0 = Release|x64
		{A642E68F-9412-4E09-B869-69D83286F242}.Release|x86.ActiveCfg = Release|Win32
		{A642E68F-9412-4E09-B869-69D83286F242}.Release|x86.Build.0 = Release|Win32
		{59B049F4-8DAD-4EE7-9767-0EDE2E531A21}.Debug|x64.ActiveCfg = Debug|x64
		{59B049F4-8DAD-4EE7-9767-0EDE2E531A21}.Debug|x64.Build.0 = Debug|x64
		{59B049F4-8DAD-4EE7-9767-0EDE2E531A21}.Debug|x86.ActiveCfg = Debug|Win32
		{59B049F4-8DAD-4EE7-9767-0EDE2E531A21}.Debug|x86.Build.0 = Debug|Win32
		{59B049F4-8DAD-4EE7-9767-0EDE2E531A21}.Release|x64.ActiveCfg = Release|x64
		{59B049F4-8DAD-4EE7-9767-0EDE2E531A21}.Release|x64.Build.0 = Release|x64
		{59B049F4-8DAD-4EE7-9767-0EDE2E531A21}.Release|x86.ActiveCfg = Release|Win32
		{59B049F4-8DAD-4EE7-9767-0EDE2E531A21}.Release|x86.Build.0 = Release|Win32
		{0A377AD2-81C0-46DE-B526-F2EDCE487DA6}.Debug|x64.ActiveCfg = Debug|x64
		{0A377AD2-81C0-46DE-B526-F2EDCE487DA6}.Debug|x64.Build.0 = Debug|x64
		{0A377AD2-81C0-46DE-B526-F2EDCE487DA6}.Debug|x86.ActiveCfg = Debug|Win32
		{0A377AD2-81C0-46DE-B526-F2EDCE487DA6}.Debug|x86.Build.0 = Debug|Win32
		{0A377AD2-81C0-46DE-B526-F2EDCE487DA6}.Release|x64.ActiveCfg = Release|x64
		{0A377AD2-81C0-46DE-B526-F2EDCE487DA6}.Release|x64.Build.0 = Release|x64
		{0A377AD2-81C0-46DE-B526-F2EDCE487DA6}.Release|x86.ActiveCfg = Release|Win32
		{0A377AD2-81C0-46DE-B526-F2EDCE487DA6}.Release|x86.Build.0 = Release|Win32
		{24B1884A-0D90-4107-9BD6-7FA926BC3912}.Debug|x64.ActiveCfg = Debug|x64
		{24B1884A-0D90-4107-9BD6-7FA926BC3912}.Debug|x64.Build.0 = Debug|x64
		{24B1884A-0D90-4107-9BD6-7FA926BC3912}.Debug|x86.ActiveCfg = Debug|Win32
		{24B1884A-0D90-4107-9BD6-7FA926BC3912}.Debug|x86.Build.0 = Debug|Win32
		{24B1884A-0D90-4107-9BD6-7FA926BC3912}.Release|x64.ActiveCfg = Release|x64
		{24B1884A-0D90-4107-9BD6-7FA926BC3912}.Release|x64.Build.0 = Release|x64
		{24B1884A-0D90-4107-9BD6-7FA926BC3912}.Release|x86.ActiveCfg = Release|Win32
		{24B1884A-0D90-4107-9BD6-7FA926BC3912}.Release|x86.Build.0 = Release|Win32
		{5D944F26-10C8-4EC6-BA17-E78A422ACBEA}.Debug|x64.ActiveCfg = Debug|x64
		{5D944F26-10C8-4EC6-BA17-E78A422ACBEA}.Debug|x64.Build.0 = Debug|x64
		{5D944F26-10C8-4EC6-BA17-E78A422ACBEA}.Debug|x86.ActiveCfg = Debug|Win32
		{5D944F26-10C8-4EC6-BA17-E78A422ACBEA}.Debug|x86.Build.0 = Debug|Win32
		{5D944F26-10C8-4EC6-BA17-E78A422ACBEA}.Release|x64.ActiveCfg = Release|x64
		{5D944F26-10C8-4EC6-BA17-E78A422ACBEA}.Release|x64.Build.0 = Release|x64
		{5D944F26-10C8-4EC6-BA17-E78A422ACBEA}.Release|x86.ActiveCfg = Release|Win32
		{5D944F26-10C8-4EC6-BA17-E78A422ACBEA}.Release|x86.Build.0 = Release|Win32
		{A8D3F3BC-6DC0-4C3F-88E4-35AF8E443E17}.Debug|x64.ActiveCfg = Debug|x64
		{A8D3F3BC-6DC0-4C3F-88E4-35AF8E443E17}.Debug|x64.Build.0 = Debug|x64
		{A8D3F3BC-6DC0-4C3F-88E4-35AF8E443E17}.Debug|x86.ActiveCfg = Debug|Win32
		{A8D3F3BC-6DC0-4C3F-88E4-35AF8E443E17}.Debug|x86.Build.0 = Debug|Win32
		{A8D3F3BC-6DC0-4C3F-88E4-35AF8E443E17}.Release|x64.ActiveCfg = Release|x64
		{A8D3F3BC-6DC0-4C3F-88E4-35AF8E443E17}.Release|x64.Build.0 = Release|x64
		{A8D3F3BC-6DC0-4C3F-88E4-35AF8E443E17}.Release|x86.ActiveCfg = Release|Win32
		{A8D3F3BC-6DC0-4C3F-88E4-35AF8E443E17}.Release|x86.Build.0 = Release|Win32
		{1F89D130-B0CA-4223-8FC6-E4237A8B6366}.Debug|x64.ActiveCfg = Debug|x64
		{1F89D130-B0CA-4223-8FC6-E4237A8B6366}.Debug|x64.Build.0 = Debug|x64
		{1F89D130-B0CA-4223-8FC6-E4237A8B6366}.Debug|x86.ActiveCfg = Debug|Win32
		{1F89D130-B0CA-4223-8FC6-E4237A8B6366}.Debug|x86.Build.0 = Debug|Win32
		{1F89D130-B0CA-4223-8FC6-E4237A8B6366}.Release|x64.ActiveCfg = Release|x64
		{1F89D130-B0CA-4223-8FC6-E4237A8B6366}.Release|x64.Build.0 = Release|x64
		{1F89D130-B0CA-4223-8FC6-E4237A8B6366}.Release|x86.ActiveCfg = Release|Win32
		{1F89D130-B0CA-4223-8FC6-E4237A8B6366}.Release|x86.Build.0 = Release|Win32
		{27AA5599-3E8B-4088-8AF5-0B5E0F3476F1}.Debug|x64.ActiveCfg = Debug|x64
		{27AA5599-3E8B-4088-8AF5-0B5E0F3476F1}.Debug|x64.Build.0 = Debug|x64
		{27AA5599-3E8B-4088-8AF5-0B5E0F3476F1}.Debug|x86.ActiveCfg = Debug|Win32
		{27AA5599-3E8B-4088-8AF5-0B5E0F3476F1}.Debug|x86.Build.0 = Debug|Win32
		{27AA5599-3E8B-4088-8AF5-0B5E0F3476F1}.Release|x64.ActiveCfg = Release|x64
		{27AA5599-3E8B-4088-8AF5-0B5E0F3476F1}.Release|x64.Build.0 = Release|x64
		{27AA5599-3E8B-4088-8AF5-0B5E0F3476F1}.Release|x86.ActiveCfg = Release|Win32
		{27AA5599-3E8B-4088-8AF5-0B5E0F3476F1}.Release|x86.Build.0 = Release|Win32
	EndGlobalSection
	GlobalSection(SolutionProperties) = preSolution
		HideSolutionNode = FALSE
	EndGlobalSection
	GlobalSection(ExtensibilityGlobals) = postSolution
		SolutionGuid = {20CBB963-CD0E-4ECF-8285-3C001F104606}
	EndGlobalSection
EndGlobal
